# This file is automatically @generated by Cargo.
# It is not intended for manual editing.
[[package]]
name = "bit_field"
version = "0.10.0"
source = "registry+https://github.com/rust-lang/crates.io-index"

[[package]]
name = "bitflags"
version = "1.2.1"
source = "registry+https://github.com/rust-lang/crates.io-index"

[[package]]
name = "cc"
version = "1.0.46"
source = "registry+https://github.com/rust-lang/crates.io-index"

[[package]]
name = "cfg-if"
version = "0.1.10"
source = "registry+https://github.com/rust-lang/crates.io-index"

[[package]]
name = "log"
version = "0.4.8"
source = "registry+https://github.com/rust-lang/crates.io-index"
dependencies = [
 "cfg-if 0.1.10 (registry+https://github.com/rust-lang/crates.io-index)",
]

[[package]]
name = "multiboot"
version = "0.3.0"
source = "registry+https://github.com/rust-lang/crates.io-index"

[[package]]
name = "raw-cpuid"
version = "7.0.3"
source = "registry+https://github.com/rust-lang/crates.io-index"
dependencies = [
 "bitflags 1.2.1 (registry+https://github.com/rust-lang/crates.io-index)",
 "cc 1.0.46 (registry+https://github.com/rust-lang/crates.io-index)",
 "rustc_version 0.2.3 (registry+https://github.com/rust-lang/crates.io-index)",
]

[[package]]
name = "rustc_version"
version = "0.2.3"
source = "registry+https://github.com/rust-lang/crates.io-index"
dependencies = [
 "semver 0.9.0 (registry+https://github.com/rust-lang/crates.io-index)",
]

[[package]]
name = "rusty-hermit"
version = "0.3.16"
dependencies = [
 "bitflags 1.2.1 (registry+https://github.com/rust-lang/crates.io-index)",
 "log 0.4.8 (registry+https://github.com/rust-lang/crates.io-index)",
 "multiboot 0.3.0 (registry+https://github.com/rust-lang/crates.io-index)",
 "x86 0.27.0 (registry+https://github.com/rust-lang/crates.io-index)",
]

[[package]]
name = "semver"
version = "0.9.0"
source = "registry+https://github.com/rust-lang/crates.io-index"
dependencies = [
 "semver-parser 0.7.0 (registry+https://github.com/rust-lang/crates.io-index)",
]

[[package]]
name = "semver-parser"
version = "0.7.0"
source = "registry+https://github.com/rust-lang/crates.io-index"

[[package]]
name = "x86"
version = "0.27.0"
source = "registry+https://github.com/rust-lang/crates.io-index"
dependencies = [
 "bit_field 0.10.0 (registry+https://github.com/rust-lang/crates.io-index)",
 "bitflags 1.2.1 (registry+https://github.com/rust-lang/crates.io-index)",
 "raw-cpuid 7.0.3 (registry+https://github.com/rust-lang/crates.io-index)",
]

[metadata]
"checksum bit_field 0.10.0 (registry+https://github.com/rust-lang/crates.io-index)" = "a165d606cf084741d4ac3a28fb6e9b1eb0bd31f6cd999098cfddb0b2ab381dc0"
"checksum bitflags 1.2.1 (registry+https://github.com/rust-lang/crates.io-index)" = "cf1de2fe8c75bc145a2f577add951f8134889b4795d47466a54a5c846d691693"
"checksum cc 1.0.46 (registry+https://github.com/rust-lang/crates.io-index)" = "0213d356d3c4ea2c18c40b037c3be23cd639825c18f25ee670ac7813beeef99c"
"checksum cfg-if 0.1.10 (registry+https://github.com/rust-lang/crates.io-index)" = "4785bdd1c96b2a846b2bd7cc02e86b6b3dbf14e7e53446c4f54c92a361040822"
"checksum log 0.4.8 (registry+https://github.com/rust-lang/crates.io-index)" = "14b6052be84e6b71ab17edffc2eeabf5c2c3ae1fdb464aae35ac50c67a44e1f7"
"checksum multiboot 0.3.0 (registry+https://github.com/rust-lang/crates.io-index)" = "745e351d4f128ea9e266fe2dd04a1bd7349c60441d45ec8677520bae08e25d43"
"checksum raw-cpuid 7.0.3 (registry+https://github.com/rust-lang/crates.io-index)" = "b4a349ca83373cfa5d6dbb66fd76e58b2cca08da71a5f6400de0a0a6a9bceeaf"
"checksum rustc_version 0.2.3 (registry+https://github.com/rust-lang/crates.io-index)" = "138e3e0acb6c9fb258b19b67cb8abd63c00679d2851805ea151465464fe9030a"
"checksum semver 0.9.0 (registry+https://github.com/rust-lang/crates.io-index)" = "1d7eb9ef2c18661902cc47e535f9bc51b78acd254da71d375c2f6720d9a40403"
"checksum semver-parser 0.7.0 (registry+https://github.com/rust-lang/crates.io-index)" = "388a1df253eca08550bef6c72392cfe7c30914bf41df5269b68cbd6ff8f570a3"
"checksum x86 0.27.0 (registry+https://github.com/rust-lang/crates.io-index)" = "271bc2de3f2f7a7c416377205b86e2ed1098eddfbc44098a1e1ac41d50951e7a"
