# This file is automatically @generated by Cargo.
# It is not intended for manual editing.
version = 3

[[package]]
name = "aarch64"
version = "0.0.7"
source = "registry+https://github.com/rust-lang/crates.io-index"
checksum = "9d48df31899ce44f6ca081b39bcf4f9913e4435e3ec4287283451f71f1577ab3"
dependencies = [
 "cortex-a",
]

[[package]]
name = "align-data"
version = "0.1.0"
source = "registry+https://github.com/rust-lang/crates.io-index"
checksum = "1926655ba000b19e21f0402be09a1d52d318c8a8a68622870bfb7af2a71315cd"

[[package]]
name = "anyhow"
version = "1.0.60"
source = "registry+https://github.com/rust-lang/crates.io-index"
checksum = "c794e162a5eff65c72ef524dfe393eb923c354e350bb78b9c7383df13f3bc142"

[[package]]
name = "bit_field"
version = "0.10.1"
source = "registry+https://github.com/rust-lang/crates.io-index"
checksum = "dcb6dd1c2376d2e096796e234a70e17e94cc2d5d54ff8ce42b28cef1d0d359a4"

[[package]]
name = "bitflags"
version = "1.3.2"
source = "registry+https://github.com/rust-lang/crates.io-index"
checksum = "bef38d45163c2f1dde094a7dfd33ccf595c92905c8f8f4fdc18d06fb1037718a"

[[package]]
name = "cc"
version = "1.0.73"
source = "registry+https://github.com/rust-lang/crates.io-index"
checksum = "2fff2a6927b3bb87f9595d67196a70493f627687a71d87a0d692242c33f58c11"

[[package]]
name = "cfg-if"
version = "1.0.0"
source = "registry+https://github.com/rust-lang/crates.io-index"
checksum = "baf1de4339761588bc0619e3cbc0120ee582ebb74b53b4efbf79117bd2da40fd"

[[package]]
name = "cortex-a"
version = "7.4.0"
source = "registry+https://github.com/rust-lang/crates.io-index"
checksum = "f75db6964ed6748e88ff46f9aa209249a0aefe6b06d4b9e9ab820c867586d51a"
dependencies = [
 "tock-registers",
]

[[package]]
name = "goblin"
version = "0.5.3"
source = "registry+https://github.com/rust-lang/crates.io-index"
checksum = "91766b1121940d622933a13e20665857648681816089c9bc2075c4b75a6e4f6b"
dependencies = [
 "plain",
 "scroll",
]

[[package]]
name = "hermit-entry"
version = "0.8.0"
source = "registry+https://github.com/rust-lang/crates.io-index"
checksum = "b04dc95225c81ad081b68abe2590496848ee378a17ebc5d4419492e36cdf0f31"
dependencies = [
 "goblin",
 "log",
 "plain",
 "time",
]

[[package]]
name = "libc"
version = "0.2.126"
source = "registry+https://github.com/rust-lang/crates.io-index"
checksum = "349d5a591cd28b49e1d1037471617a32ddcda5731b99419008085f72d5a53836"

[[package]]
name = "llvm-tools"
version = "0.1.1"
source = "registry+https://github.com/rust-lang/crates.io-index"
checksum = "955be5d0ca0465caf127165acb47964f911e2bc26073e865deb8be7189302faf"

[[package]]
name = "log"
version = "0.4.17"
source = "registry+https://github.com/rust-lang/crates.io-index"
checksum = "abb12e687cfb44aa40f41fc3978ef76448f9b6038cad6aef4259d3c095a2382e"
dependencies = [
 "cfg-if",
]

[[package]]
name = "multiboot"
version = "0.8.0"
source = "registry+https://github.com/rust-lang/crates.io-index"
checksum = "f87ad3b7b7bcf5da525c22221e3eb3a020cd68b2d55ae62f629c15e8bc3bd56e"
dependencies = [
 "paste",
]

[[package]]
name = "nasm-rs"
version = "0.2.4"
source = "registry+https://github.com/rust-lang/crates.io-index"
checksum = "ce095842aee9aa3ecbda7a5d2a4df680375fd128a8596b6b56f8e497e231f483"

[[package]]
name = "num_threads"
version = "0.1.6"
source = "registry+https://github.com/rust-lang/crates.io-index"
checksum = "2819ce041d2ee131036f4fc9d6ae7ae125a3a40e97ba64d04fe799ad9dabbb44"
dependencies = [
 "libc",
]

[[package]]
name = "paste"
version = "1.0.7"
source = "registry+https://github.com/rust-lang/crates.io-index"
checksum = "0c520e05135d6e763148b6426a837e239041653ba7becd2e538c076c738025fc"

[[package]]
name = "plain"
version = "0.2.3"
source = "registry+https://github.com/rust-lang/crates.io-index"
checksum = "b4596b6d070b27117e987119b4dac604f3c58cfb0b191112e24771b2faeac1a6"

[[package]]
name = "proc-macro2"
version = "1.0.42"
source = "registry+https://github.com/rust-lang/crates.io-index"
checksum = "c278e965f1d8cf32d6e0e96de3d3e79712178ae67986d9cf9151f51e95aac89b"
dependencies = [
 "unicode-ident",
]

[[package]]
name = "quote"
version = "1.0.20"
source = "registry+https://github.com/rust-lang/crates.io-index"
checksum = "3bcdf212e9776fbcb2d23ab029360416bb1706b1aea2d1a5ba002727cbcab804"
dependencies = [
 "proc-macro2",
]

[[package]]
name = "rustversion"
version = "1.0.8"
source = "registry+https://github.com/rust-lang/crates.io-index"
checksum = "24c8ad4f0c00e1eb5bc7614d236a7f1300e3dbd76b68cac8e06fb00b015ad8d8"

[[package]]
name = "rusty-loader"
version = "0.3.1"
dependencies = [
 "aarch64",
 "align-data",
 "bitflags",
 "cc",
 "hermit-entry",
 "log",
 "multiboot",
 "nasm-rs",
 "uart_16550",
 "uefi",
 "uefi-services",
]

[[package]]
name = "scroll"
version = "0.11.0"
source = "registry+https://github.com/rust-lang/crates.io-index"
checksum = "04c565b551bafbef4157586fa379538366e4385d42082f255bfd96e4fe8519da"

[[package]]
name = "syn"
version = "1.0.98"
source = "registry+https://github.com/rust-lang/crates.io-index"
checksum = "c50aef8a904de4c23c788f104b7dddc7d6f79c647c7c8ce4cc8f73eb0ca773dd"
dependencies = [
 "proc-macro2",
 "quote",
 "unicode-ident",
]

[[package]]
name = "time"
version = "0.3.11"
source = "registry+https://github.com/rust-lang/crates.io-index"
checksum = "72c91f41dcb2f096c05f0873d667dceec1087ce5bcf984ec8ffb19acddbb3217"
dependencies = [
 "libc",
 "num_threads",
]

[[package]]
name = "tock-registers"
version = "0.7.0"
source = "registry+https://github.com/rust-lang/crates.io-index"
checksum = "4ee8fba06c1f4d0b396ef61a54530bb6b28f0dc61c38bc8bc5a5a48161e6282e"

[[package]]
name = "uart_16550"
version = "0.2.18"
source = "registry+https://github.com/rust-lang/crates.io-index"
checksum = "b074eb9300ad949edd74c529c0e8d451625af71bb948e6b65fe69f72dc1363d9"
dependencies = [
 "bitflags",
 "rustversion",
 "x86_64",
]

[[package]]
name = "ucs2"
version = "0.3.2"
source = "registry+https://github.com/rust-lang/crates.io-index"
checksum = "bad643914094137d475641b6bab89462505316ec2ce70907ad20102d28a79ab8"
dependencies = [
 "bit_field",
]

[[package]]
name = "uefi"
version = "0.16.0"
source = "registry+https://github.com/rust-lang/crates.io-index"
checksum = "705535cf386e4b033cc7acdea55ec8710f3dde2f07457218791aac35c83be21f"
dependencies = [
 "bitflags",
 "log",
 "ucs2",
 "uefi-macros",
]

[[package]]
name = "uefi-macros"
version = "0.7.0"
source = "registry+https://github.com/rust-lang/crates.io-index"
checksum = "0b9917831bc5abb78c2e6a0f4fba2be165105ed53d288718c999e0efbd433bb7"
dependencies = [
 "proc-macro2",
 "quote",
 "syn",
]

[[package]]
name = "uefi-services"
version = "0.13.0"
source = "registry+https://github.com/rust-lang/crates.io-index"
checksum = "1fa8d57b5388d35f8203951a41ef64672a93a5ce2a00414f63b73fe96d9c5348"
dependencies = [
 "cfg-if",
 "log",
 "uefi",
]

[[package]]
name = "unicode-ident"
version = "1.0.2"
source = "registry+https://github.com/rust-lang/crates.io-index"
checksum = "15c61ba63f9235225a22310255a29b806b907c9b8c964bcbd0a2c70f3f2deea7"

[[package]]
name = "volatile"
version = "0.4.5"
source = "registry+https://github.com/rust-lang/crates.io-index"
checksum = "e3ca98349dda8a60ae74e04fd90c7fb4d6a4fbe01e6d3be095478aa0b76f6c0c"

[[package]]
name = "x86_64"
version = "0.14.10"
source = "registry+https://github.com/rust-lang/crates.io-index"
checksum = "100555a863c0092238c2e0e814c1096c1e5cf066a309c696a87e907b5f8c5d69"
dependencies = [
 "bit_field",
 "bitflags",
 "rustversion",
 "volatile",
]

[[package]]
name = "xflags"
version = "0.2.4"
source = "registry+https://github.com/rust-lang/crates.io-index"
checksum = "3f14fe1ed41a5a2b5ef3f565586c4a8a559ee55d3953faab360a771135bdee00"
dependencies = [
 "xflags-macros",
]

[[package]]
name = "xflags-macros"
version = "0.2.4"
source = "registry+https://github.com/rust-lang/crates.io-index"
checksum = "45d11d5fc2a97287eded8b170ca80533b3c42646dd7fa386a5eb045817921022"

[[package]]
name = "xshell"
version = "0.2.2"
source = "registry+https://github.com/rust-lang/crates.io-index"
checksum = "6d47097dc5c85234b1e41851b3422dd6d19b3befdd35b4ae5ce386724aeca981"
dependencies = [
 "xshell-macros",
]

[[package]]
name = "xshell-macros"
version = "0.2.2"
source = "registry+https://github.com/rust-lang/crates.io-index"
checksum = "88301b56c26dd9bf5c43d858538f82d6f3f7764767defbc5d34e59459901c41a"

[[package]]
name = "xtask"
version = "0.1.0"
dependencies = [
 "anyhow",
 "llvm-tools",
 "xflags",
 "xshell",
]
