# This file is automatically @generated by Cargo.
# It is not intended for manual editing.
version = 4

[[package]]
name = "hermit-builtins"
version = "0.1.0"
dependencies = [
 "libm",
]

[[package]]
name = "libm"
version = "0.2.14"
source = "registry+https://github.com/rust-lang/crates.io-index"
checksum = "a25169bd5913a4b437588a7e3d127cd6e90127b60e0ffbd834a38f1599e016b8"
