# This file is automatically @generated by Cargo.
# It is not intended for manual editing.
version = 3

[[package]]
name = "compiler_builtins"
version = "0.1.75"
source = "registry+https://github.com/rust-lang/crates.io-index"
checksum = "c6e3183e88f659a862835db8f4b67dbeed3d93e44dd4927eef78edb1c149d784"

[[package]]
name = "hermit-builtins"
version = "0.1.0"
dependencies = [
 "compiler_builtins",
]
